
Microsoft Visual Studio Solution File, Format Version 12.00
# Visual Studio Version 17
VisualStudioVersion = 17.5.33530.505
MinimumVisualStudioVersion = 10.0.40219.1
Project("{FAE04EC0-301F-11D3-BF4B-00C04F79EFBC}") = "Web Browser", "Web Browser.csproj", "{B665E02F-6DBC-4400-823D-8E7919A7DAA1}"
EndProject
Global
	GlobalSection(SolutionConfigurationPlatforms) = preSolution
		Debug|Any CPU = Debug|Any CPU
		Release|Any CPU = Release|Any CPU
	EndGlobalSection
	GlobalSection(ProjectConfigurationPlatforms) = postSolution
		{B665E02F-6DBC-4400-823D-8E7919A7DAA1}.Debug|Any CPU.ActiveCfg = Debug|Any CPU
		{B665E02F-6DBC-4400-823D-8E7919A7DAA1}.Debug|Any CPU.Build.0 = Debug|Any CPU
		{B665E02F-6DBC-4400-823D-8E7919A7DAA1}.Release|Any CPU.ActiveCfg = Release|Any CPU
		{B665E02F-6DBC-4400-823D-8E7919A7DAA1}.Release|Any CPU.Build.0 = Release|Any CPU
	EndGlobalSection
	GlobalSection(SolutionProperties) = preSolution
		HideSolutionNode = FALSE
	EndGlobalSection
	GlobalSection(ExtensibilityGlobals) = postSolution
		SolutionGuid = {75AE4003-4A62-43A3-B942-DCBDCFE39292}
	EndGlobalSection
EndGlobal
